
Microsoft Visual Studio Solution File, Format Version 12.00
# Visual Studio Version 16
VisualStudioVersion = 16.0.30204.135
MinimumVisualStudioVersion = 10.0.40219.1
Project("{FAE04EC0-301F-11D3-BF4B-00C04F79EFBC}") = "CarClassLibrary", "CarClassLibrary\CarClassLibrary.csproj", "{5C28CB04-F740-4DFB-B636-1F047BA624FD}"
EndProject
Project("{FAE04EC0-301F-11D3-BF4B-00C04F79EFBC}") = "CarShopConsoleApp", "CarShopConsoleApp\CarShopConsoleApp.csproj", "{29997011-BBC6-402D-9AFB-7646847A43E4}"
EndProject
Global
	GlobalSection(SolutionConfigurationPlatforms) = preSolution
		Debug|Any CPU = Debug|Any CPU
		Release|Any CPU = Release|Any CPU
	EndGlobalSection
	GlobalSection(ProjectConfigurationPlatforms) = postSolution
		{5C28CB04-F740-4DFB-B636-1F047BA624FD}.Debug|Any CPU.ActiveCfg = Debug|Any CPU
		{5C28CB04-F740-4DFB-B636-1F047BA624FD}.Debug|Any CPU.Build.0 = Debug|Any CPU
		{5C28CB04-F740-4DFB-B636-1F047BA624FD}.Release|Any CPU.ActiveCfg = Release|Any CPU
		{5C28CB04-F740-4DFB-B636-1F047BA624FD}.Release|Any CPU.Build.0 = Release|Any CPU
		{29997011-BBC6-402D-9AFB-7646847A43E4}.Debug|Any CPU.ActiveCfg = Debug|Any CPU
		{29997011-BBC6-402D-9AFB-7646847A43E4}.Debug|Any CPU.Build.0 = Debug|Any CPU
		{29997011-BBC6-402D-9AFB-7646847A43E4}.Release|Any CPU.ActiveCfg = Release|Any CPU
		{29997011-BBC6-402D-9AFB-7646847A43E4}.Release|Any CPU.Build.0 = Release|Any CPU
	EndGlobalSection
	GlobalSection(SolutionProperties) = preSolution
		HideSolutionNode = FALSE
	EndGlobalSection
	GlobalSection(ExtensibilityGlobals) = postSolution
		SolutionGuid = {838FA5E9-E4BC-4B11-A930-FD9C25BEC9F2}
	EndGlobalSection
EndGlobal
